
Microsoft Visual Studio Solution File, Format Version 12.00
# Visual Studio Version 17
VisualStudioVersion = 17.5.33530.505
MinimumVisualStudioVersion = 10.0.40219.1
Project("{9A19103F-16F7-4668-BE54-9A1E7A4F7556}") = "calculadora", "calculadora\calculadora.csproj", "{3DBB7032-1010-4872-A016-DCA15162420F}"
EndProject
Project("{9A19103F-16F7-4668-BE54-9A1E7A4F7556}") = "Number_GuessingGame", "Number_GuessingGame\Number_GuessingGame.csproj", "{BF9CBD5A-6709-4575-A155-2805C248FFD7}"
EndProject
Project("{9A19103F-16F7-4668-BE54-9A1E7A4F7556}") = "rock-paper-scissors", "rock-paper-scissors\rock-paper-scissors.csproj", "{AD993122-0ECC-4831-A0A3-D4373F807C99}"
EndProject
Global
	GlobalSection(SolutionConfigurationPlatforms) = preSolution
		Debug|Any CPU = Debug|Any CPU
		Release|Any CPU = Release|Any CPU
	EndGlobalSection
	GlobalSection(ProjectConfigurationPlatforms) = postSolution
		{3DBB7032-1010-4872-A016-DCA15162420F}.Debug|Any CPU.ActiveCfg = Debug|Any CPU
		{3DBB7032-1010-4872-A016-DCA15162420F}.Debug|Any CPU.Build.0 = Debug|Any CPU
		{3DBB7032-1010-4872-A016-DCA15162420F}.Release|Any CPU.ActiveCfg = Release|Any CPU
		{3DBB7032-1010-4872-A016-DCA15162420F}.Release|Any CPU.Build.0 = Release|Any CPU
		{BF9CBD5A-6709-4575-A155-2805C248FFD7}.Debug|Any CPU.ActiveCfg = Debug|Any CPU
		{BF9CBD5A-6709-4575-A155-2805C248FFD7}.Debug|Any CPU.Build.0 = Debug|Any CPU
		{BF9CBD5A-6709-4575-A155-2805C248FFD7}.Release|Any CPU.ActiveCfg = Release|Any CPU
		{BF9CBD5A-6709-4575-A155-2805C248FFD7}.Release|Any CPU.Build.0 = Release|Any CPU
		{AD993122-0ECC-4831-A0A3-D4373F807C99}.Debug|Any CPU.ActiveCfg = Debug|Any CPU
		{AD993122-0ECC-4831-A0A3-D4373F807C99}.Debug|Any CPU.Build.0 = Debug|Any CPU
		{AD993122-0ECC-4831-A0A3-D4373F807C99}.Release|Any CPU.ActiveCfg = Release|Any CPU
		{AD993122-0ECC-4831-A0A3-D4373F807C99}.Release|Any CPU.Build.0 = Release|Any CPU
	EndGlobalSection
	GlobalSection(SolutionProperties) = preSolution
		HideSolutionNode = FALSE
	EndGlobalSection
	GlobalSection(ExtensibilityGlobals) = postSolution
		SolutionGuid = {0B747CB5-0ED1-4BBA-AA45-8BFC6664EFC3}
	EndGlobalSection
EndGlobal
